{
  "name": "@tarp/httpd",
  "version": "0.0.1",
  "lockfileVersion": 2,
  "requires": true,
  "packages": {
    "": {
      "name": "@tarp/httpd",
      "version": "0.0.1",
      "license": "LGPL-3.0",
      "dependencies": {
        "mime.json": "git+https://github.com/micnic/mime.json.git"
      }
    },
    "node_modules/mime.json": {
      "version": "1.3.1",
      "resolved": "git+ssh://git@github.com/micnic/mime.json.git#5562f8113d84bb8d876bef56a743a5d5ea105a84",
      "license": "MIT"
    }
  },
  "dependencies": {
    "mime.json": {
      "version": "git+ssh://git@github.com/micnic/mime.json.git#5562f8113d84bb8d876bef56a743a5d5ea105a84",
      "from": "mime.json@git+https://github.com/micnic/mime.json.git"
    }
  }
}
